
Microsoft Visual Studio Solution File, Format Version 12.00
# Visual Studio Version 17
VisualStudioVersion = 17.9.34714.143
MinimumVisualStudioVersion = 10.0.40219.1
Project("{FAE04EC0-301F-11D3-BF4B-00C04F79EFBC}") = "ASC.Web", "ASC.Web\ASC.Web.csproj", "{C00DAA73-D807-412A-8AFE-77588A357573}"
EndProject
Global
	GlobalSection(SolutionConfigurationPlatforms) = preSolution
		Debug|Any CPU = Debug|Any CPU
		Release|Any CPU = Release|Any CPU
	EndGlobalSection
	GlobalSection(ProjectConfigurationPlatforms) = postSolution
		{C00DAA73-D807-412A-8AFE-77588A357573}.Debug|Any CPU.ActiveCfg = Debug|Any CPU
		{C00DAA73-D807-412A-8AFE-77588A357573}.Debug|Any CPU.Build.0 = Debug|Any CPU
		{C00DAA73-D807-412A-8AFE-77588A357573}.Release|Any CPU.ActiveCfg = Release|Any CPU
		{C00DAA73-D807-412A-8AFE-77588A357573}.Release|Any CPU.Build.0 = Release|Any CPU
	EndGlobalSection
	GlobalSection(SolutionProperties) = preSolution
		HideSolutionNode = FALSE
	EndGlobalSection
	GlobalSection(ExtensibilityGlobals) = postSolution
		SolutionGuid = {9C1EC859-694A-42AF-AF6E-918D0F1A1144}
	EndGlobalSection
EndGlobal
